Microsoft Visual Studio Solution File, Format Version 12.00
# Visual Studio 15
VisualStudioVersion = 15.0.26730.16
MinimumVisualStudioVersion = 15.0.26124.0
Project("{9A19103F-16F7-4668-BE54-9A1E7A4F7556}") = "AvaliacaoDeCandidatosApi", "AvaliacaoDeCandidatosApi\AvaliacaoDeCandidatosApi.csproj", "{16958555-D74D-4A0A-906C-51FC648958F6}"
EndProject
Project("{9A19103F-16F7-4668-BE54-9A1E7A4F7556}") = "AvaliacaoDeCandidatosApi.Tests", "AvaliacaoDeCandidatosApi.Tests\AvaliacaoDeCandidatosApi.Tests.csproj", "{6B64E4D1-A03E-4CEE-A190-97161564C82B}"
EndProject
Global
	GlobalSection(SolutionConfigurationPlatforms) = preSolution
		Debug|Any CPU = Debug|Any CPU
		Debug|x64 = Debug|x64
		Debug|x86 = Debug|x86
		Release|Any CPU = Release|Any CPU
		Release|x64 = Release|x64
		Release|x86 = Release|x86
	EndGlobalSection
	GlobalSection(ProjectConfigurationPlatforms) = postSolution
		{16958555-D74D-4A0A-906C-51FC648958F6}.Debug|Any CPU.ActiveCfg = Debug|Any CPU
		{16958555-D74D-4A0A-906C-51FC648958F6}.Debug|Any CPU.Build.0 = Debug|Any CPU
		{16958555-D74D-4A0A-906C-51FC648958F6}.Debug|x64.ActiveCfg = Debug|Any CPU
		{16958555-D74D-4A0A-906C-51FC648958F6}.Debug|x64.Build.0 = Debug|Any CPU
		{16958555-D74D-4A0A-906C-51FC648958F6}.Debug|x86.ActiveCfg = Debug|Any CPU
		{16958555-D74D-4A0A-906C-51FC648958F6}.Debug|x86.Build.0 = Debug|Any CPU
		{16958555-D74D-4A0A-906C-51FC648958F6}.Release|Any CPU.ActiveCfg = Release|Any CPU
		{16958555-D74D-4A0A-906C-51FC648958F6}.Release|Any CPU.Build.0 = Release|Any CPU
		{16958555-D74D-4A0A-906C-51FC648958F6}.Release|x64.ActiveCfg = Release|Any CPU
		{16958555-D74D-4A0A-906C-51FC648958F6}.Release|x64.Build.0 = Release|Any CPU
		{16958555-D74D-4A0A-906C-51FC648958F6}.Release|x86.ActiveCfg = Release|Any CPU
		{16958555-D74D-4A0A-906C-51FC648958F6}.Release|x86.Build.0 = Release|Any CPU
		{6B64E4D1-A03E-4CEE-A190-97161564C82B}.Debug|Any CPU.ActiveCfg = Debug|Any CPU
		{6B64E4D1-A03E-4CEE-A190-97161564C82B}.Debug|Any CPU.Build.0 = Debug|Any CPU
		{6B64E4D1-A03E-4CEE-A190-97161564C82B}.Debug|x64.ActiveCfg = Debug|Any CPU
		{6B64E4D1-A03E-4CEE-A190-97161564C82B}.Debug|x64.Build.0 = Debug|Any CPU
		{6B64E4D1-A03E-4CEE-A190-97161564C82B}.Debug|x86.ActiveCfg = Debug|Any CPU
		{6B64E4D1-A03E-4CEE-A190-97161564C82B}.Debug|x86.Build.0 = Debug|Any CPU
		{6B64E4D1-A03E-4CEE-A190-97161564C82B}.Release|Any CPU.ActiveCfg = Release|Any CPU
		{6B64E4D1-A03E-4CEE-A190-97161564C82B}.Release|Any CPU.Build.0 = Release|Any CPU
		{6B64E4D1-A03E-4CEE-A190-97161564C82B}.Release|x64.ActiveCfg = Release|Any CPU
		{6B64E4D1-A03E-4CEE-A190-97161564C82B}.Release|x64.Build.0 = Release|Any CPU
		{6B64E4D1-A03E-4CEE-A190-97161564C82B}.Release|x86.ActiveCfg = Release|Any CPU
		{6B64E4D1-A03E-4CEE-A190-97161564C82B}.Release|x86.Build.0 = Release|Any CPU
	EndGlobalSection
	GlobalSection(SolutionProperties) = preSolution
		HideSolutionNode = FALSE
	EndGlobalSection
	GlobalSection(ExtensibilityGlobals) = postSolution
		SolutionGuid = {489733F4-F2E8-4431-9405-421A9D45AEB7}
	EndGlobalSection
EndGlobal
